// !$*UTF8*$!
{
	archiveVersion = 1;
	classes = {
	};
	objectVersion = 51;
	objects = {

/* Begin PBXBuildFile section */
		01BA8AC39B37171B622D0874 /* Pods_SiswaAPP.framework in Frameworks */ = {isa = PBXBuildFile; fileRef = B617A8B32463393FDEDC1517 /* Pods_SiswaAPP.framework */; };
		04164E78261FFFF100DBAF0E /* CustomCorner.swift in Sources */ = {isa = PBXBuildFile; fileRef = 04164E77261FFFF100DBAF0E /* CustomCorner.swift */; };
		0417A5222619700C0053F3E2 /* BlurView.swift in Sources */ = {isa = PBXBuildFile; fileRef = 0417A5212619700C0053F3E2 /* BlurView.swift */; };
		0417A5282619A44E0053F3E2 /* MapelController.swift in Sources */ = {isa = PBXBuildFile; fileRef = 0417A5272619A44D0053F3E2 /* MapelController.swift */; };
		043FB52D26318ECD00181BAB /* SemuaView.swift in Sources */ = {isa = PBXBuildFile; fileRef = 043FB52C26318ECD00181BAB /* SemuaView.swift */; };
		0440E86F26245D860065C40D /* PelajaranDetailView.swift in Sources */ = {isa = PBXBuildFile; fileRef = 0440E86E26245D860065C40D /* PelajaranDetailView.swift */; };
		0440E8722624EFCE0065C40D /* DetailMapelController.swift in Sources */ = {isa = PBXBuildFile; fileRef = 0440E8712624EFCE0065C40D /* DetailMapelController.swift */; };
		0440E8752624F0AA0065C40D /* DetailMapelModel.swift in Sources */ = {isa = PBXBuildFile; fileRef = 0440E8742624F0AA0065C40D /* DetailMapelModel.swift */; };
		04604AB0261AE1E100AD6FE6 /* HomeView.swift in Sources */ = {isa = PBXBuildFile; fileRef = 04604AAF261AE1E100AD6FE6 /* HomeView.swift */; };
		048FC6992629266B00F82F46 /* AkunView.swift in Sources */ = {isa = PBXBuildFile; fileRef = 048FC6982629266B00F82F46 /* AkunView.swift */; };
		04DFB5B82616B92300B68735 /* AppDelegate.swift in Sources */ = {isa = PBXBuildFile; fileRef = 04DFB5B72616B92300B68735 /* AppDelegate.swift */; };
		04DFB5BA2616B92300B68735 /* SceneDelegate.swift in Sources */ = {isa = PBXBuildFile; fileRef = 04DFB5B92616B92300B68735 /* SceneDelegate.swift */; };
		04DFB5BC2616B92300B68735 /* ContentView.swift in Sources */ = {isa = PBXBuildFile; fileRef = 04DFB5BB2616B92300B68735 /* ContentView.swift */; };
		04DFB5BE2616B92700B68735 /* Assets.xcassets in Resources */ = {isa = PBXBuildFile; fileRef = 04DFB5BD2616B92700B68735 /* Assets.xcassets */; };
		04DFB5C12616B92700B68735 /* Preview Assets.xcassets in Resources */ = {isa = PBXBuildFile; fileRef = 04DFB5C02616B92700B68735 /* Preview Assets.xcassets */; };
		04DFB5C42616B92700B68735 /* LaunchScreen.storyboard in Resources */ = {isa = PBXBuildFile; fileRef = 04DFB5C22616B92700B68735 /* LaunchScreen.storyboard */; };
		04DFB5D12616B9EE00B68735 /* LoginView.swift in Sources */ = {isa = PBXBuildFile; fileRef = 04DFB5D02616B9EE00B68735 /* LoginView.swift */; };
		04FE33E62616DEAE0004D0C3 /* LoginModel.swift in Sources */ = {isa = PBXBuildFile; fileRef = 04FE33E52616DEAE0004D0C3 /* LoginModel.swift */; };
		04FE33ED261815BA0004D0C3 /* PelajaranView.swift in Sources */ = {isa = PBXBuildFile; fileRef = 04FE33EC261815B90004D0C3 /* PelajaranView.swift */; };
		04FE33F0261816C80004D0C3 /* LoginInputModel.swift in Sources */ = {isa = PBXBuildFile; fileRef = 04FE33EF261816C80004D0C3 /* LoginInputModel.swift */; };
		04FE33F42618174E0004D0C3 /* ApiService.swift in Sources */ = {isa = PBXBuildFile; fileRef = 04FE33F32618174E0004D0C3 /* ApiService.swift */; };
		04FE33F8261817950004D0C3 /* LoginController.swift in Sources */ = {isa = PBXBuildFile; fileRef = 04FE33F7261817950004D0C3 /* LoginController.swift */; };
		04FE33FB261817B60004D0C3 /* Constant.swift in Sources */ = {isa = PBXBuildFile; fileRef = 04FE33FA261817B60004D0C3 /* Constant.swift */; };
		04FE3400261833C00004D0C3 /* ProfileModel.swift in Sources */ = {isa = PBXBuildFile; fileRef = 04FE33FF261833C00004D0C3 /* ProfileModel.swift */; };
		04FE3403261841820004D0C3 /* MapelModel.swift in Sources */ = {isa = PBXBuildFile; fileRef = 04FE3402261841820004D0C3 /* MapelModel.swift */; };
		04FE3406261853FE0004D0C3 /* BottomSheetView.swift in Sources */ = {isa = PBXBuildFile; fileRef = 04FE3405261853FE0004D0C3 /* BottomSheetView.swift */; };
		04FE340A26186A7E0004D0C3 /* HeaderView.swift in Sources */ = {isa = PBXBuildFile; fileRef = 04FE340926186A7E0004D0C3 /* HeaderView.swift */; };
		04FE340F2618A3000004D0C3 /* TabBarView.swift in Sources */ = {isa = PBXBuildFile; fileRef = 04FE340E2618A3000004D0C3 /* TabBarView.swift */; };
		04FE34122618AA3D0004D0C3 /* PesanView.swift in Sources */ = {isa = PBXBuildFile; fileRef = 04FE34112618AA3B0004D0C3 /* PesanView.swift */; };
/* End PBXBuildFile section */

/* Begin PBXFileReference section */
		04164E77261FFFF100DBAF0E /* CustomCorner.swift */ = {isa = PBXFileReference; lastKnownFileType = sourcecode.swift; path = CustomCorner.swift; sourceTree = "<group>"; };
		0417A5212619700C0053F3E2 /* BlurView.swift */ = {isa = PBXFileReference; lastKnownFileType = sourcecode.swift; path = BlurView.swift; sourceTree = "<group>"; };
		0417A5272619A44D0053F3E2 /* MapelController.swift */ = {isa = PBXFileReference; lastKnownFileType = sourcecode.swift; path = MapelController.swift; sourceTree = "<group>"; };
		043FB52C26318ECD00181BAB /* SemuaView.swift */ = {isa = PBXFileReference; lastKnownFileType = sourcecode.swift; path = SemuaView.swift; sourceTree = "<group>"; };
		0440E86E26245D860065C40D /* PelajaranDetailView.swift */ = {isa = PBXFileReference; lastKnownFileType = sourcecode.swift; path = PelajaranDetailView.swift; sourceTree = "<group>"; };
		0440E8712624EFCE0065C40D /* DetailMapelController.swift */ = {isa = PBXFileReference; lastKnownFileType = sourcecode.swift; path = DetailMapelController.swift; sourceTree = "<group>"; };
		0440E8742624F0AA0065C40D /* DetailMapelModel.swift */ = {isa = PBXFileReference; lastKnownFileType = sourcecode.swift; path = DetailMapelModel.swift; sourceTree = "<group>"; };
		04604AAF261AE1E100AD6FE6 /* HomeView.swift */ = {isa = PBXFileReference; lastKnownFileType = sourcecode.swift; path = HomeView.swift; sourceTree = "<group>"; };
		048FC6982629266B00F82F46 /* AkunView.swift */ = {isa = PBXFileReference; lastKnownFileType = sourcecode.swift; path = AkunView.swift; sourceTree = "<group>"; };
		04DFB5B42616B92300B68735 /* SiswaAPP.app */ = {isa = PBXFileReference; explicitFileType = wrapper.application; includeInIndex = 0; path = SiswaAPP.app; sourceTree = BUILT_PRODUCTS_DIR; };
		04DFB5B72616B92300B68735 /* AppDelegate.swift */ = {isa = PBXFileReference; lastKnownFileType = sourcecode.swift; path = AppDelegate.swift; sourceTree = "<group>"; };
		04DFB5B92616B92300B68735 /* SceneDelegate.swift */ = {isa = PBXFileReference; lastKnownFileType = sourcecode.swift; path = SceneDelegate.swift; sourceTree = "<group>"; };
		04DFB5BB2616B92300B68735 /* ContentView.swift */ = {isa = PBXFileReference; lastKnownFileType = sourcecode.swift; path = ContentView.swift; sourceTree = "<group>"; };
		04DFB5BD2616B92700B68735 /* Assets.xcassets */ = {isa = PBXFileReference; lastKnownFileType = folder.assetcatalog; path = Assets.xcassets; sourceTree = "<group>"; };
		04DFB5C02616B92700B68735 /* Preview Assets.xcassets */ = {isa = PBXFileReference; lastKnownFileType = folder.assetcatalog; path = "Preview Assets.xcassets"; sourceTree = "<group>"; };
		04DFB5C32616B92700B68735 /* Base */ = {isa = PBXFileReference; lastKnownFileType = file.storyboard; name = Base; path = Base.lproj/LaunchScreen.storyboard; sourceTree = "<group>"; };
		04DFB5C52616B92700B68735 /* Info.plist */ = {isa = PBXFileReference; lastKnownFileType = text.plist.xml; path = Info.plist; sourceTree = "<group>"; };
		04DFB5D02616B9EE00B68735 /* LoginView.swift */ = {isa = PBXFileReference; lastKnownFileType = sourcecode.swift; path = LoginView.swift; sourceTree = "<group>"; };
		04FE33E52616DEAE0004D0C3 /* LoginModel.swift */ = {isa = PBXFileReference; lastKnownFileType = sourcecode.swift; path = LoginModel.swift; sourceTree = "<group>"; };
		04FE33EC261815B90004D0C3 /* PelajaranView.swift */ = {isa = PBXFileReference; lastKnownFileType = sourcecode.swift; path = PelajaranView.swift; sourceTree = "<group>"; };
		04FE33EF261816C80004D0C3 /* LoginInputModel.swift */ = {isa = PBXFileReference; lastKnownFileType = sourcecode.swift; path = LoginInputModel.swift; sourceTree = "<group>"; };
		04FE33F32618174E0004D0C3 /* ApiService.swift */ = {isa = PBXFileReference; lastKnownFileType = sourcecode.swift; path = ApiService.swift; sourceTree = "<group>"; };
		04FE33F7261817950004D0C3 /* LoginController.swift */ = {isa = PBXFileReference; lastKnownFileType = sourcecode.swift; path = LoginController.swift; sourceTree = "<group>"; };
		04FE33FA261817B60004D0C3 /* Constant.swift */ = {isa = PBXFileReference; lastKnownFileType = sourcecode.swift; path = Constant.swift; sourceTree = "<group>"; };
		04FE33FF261833C00004D0C3 /* ProfileModel.swift */ = {isa = PBXFileReference; lastKnownFileType = sourcecode.swift; path = ProfileModel.swift; sourceTree = "<group>"; };
		04FE3402261841820004D0C3 /* MapelModel.swift */ = {isa = PBXFileReference; lastKnownFileType = sourcecode.swift; path = MapelModel.swift; sourceTree = "<group>"; };
		04FE3405261853FE0004D0C3 /* BottomSheetView.swift */ = {isa = PBXFileReference; lastKnownFileType = sourcecode.swift; path = BottomSheetView.swift; sourceTree = "<group>"; };
		04FE340926186A7E0004D0C3 /* HeaderView.swift */ = {isa = PBXFileReference; lastKnownFileType = sourcecode.swift; path = HeaderView.swift; sourceTree = "<group>"; };
		04FE340E2618A3000004D0C3 /* TabBarView.swift */ = {isa = PBXFileReference; lastKnownFileType = sourcecode.swift; path = TabBarView.swift; sourceTree = "<group>"; };
		04FE34112618AA3B0004D0C3 /* PesanView.swift */ = {isa = PBXFileReference; lastKnownFileType = sourcecode.swift; path = PesanView.swift; sourceTree = "<group>"; };
		548EE7417CB2CE750430C3D0 /* Pods-SiswaAPP.debug.xcconfig */ = {isa = PBXFileReference; includeInIndex = 1; lastKnownFileType = text.xcconfig; name = "Pods-SiswaAPP.debug.xcconfig"; path = "Target Support Files/Pods-SiswaAPP/Pods-SiswaAPP.debug.xcconfig"; sourceTree = "<group>"; };
		7C79EBC3A7B536785DBEE4E7 /* Pods-SiswaAPP.release.xcconfig */ = {isa = PBXFileReference; includeInIndex = 1; lastKnownFileType = text.xcconfig; name = "Pods-SiswaAPP.release.xcconfig"; path = "Target Support Files/Pods-SiswaAPP/Pods-SiswaAPP.release.xcconfig"; sourceTree = "<group>"; };
		B617A8B32463393FDEDC1517 /* Pods_SiswaAPP.framework */ = {isa = PBXFileReference; explicitFileType = wrapper.framework; includeInIndex = 0; path = Pods_SiswaAPP.framework; sourceTree = BUILT_PRODUCTS_DIR; };
/* End PBXFileReference section */

/* Begin PBXFrameworksBuildPhase section */
		04DFB5B12616B92300B68735 /* Frameworks */ = {
			isa = PBXFrameworksBuildPhase;
			buildActionMask = 2147483647;
			files = (
				01BA8AC39B37171B622D0874 /* Pods_SiswaAPP.framework in Frameworks */,
			);
			runOnlyForDeploymentPostprocessing = 0;
		};
/* End PBXFrameworksBuildPhase section */

/* Begin PBXGroup section */
		043FB52B26318EAC00181BAB /* Filter */ = {
			isa = PBXGroup;
			children = (
				043FB52C26318ECD00181BAB /* SemuaView.swift */,
			);
			path = Filter;
			sourceTree = "<group>";
		};
		04DFB5AB2616B92300B68735 = {
			isa = PBXGroup;
			children = (
				04DFB5B62616B92300B68735 /* SiswaAPP */,
				04DFB5B52616B92300B68735 /* Products */,
				23DE724F028920CE6FD7A32D /* Pods */,
				9823613CAE7BE3C16DA2C391 /* Frameworks */,
			);
			sourceTree = "<group>";
		};
		04DFB5B52616B92300B68735 /* Products */ = {
			isa = PBXGroup;
			children = (
				04DFB5B42616B92300B68735 /* SiswaAPP.app */,
			);
			name = Products;
			sourceTree = "<group>";
		};
		04DFB5B62616B92300B68735 /* SiswaAPP */ = {
			isa = PBXGroup;
			children = (
				04DFB5CC2616B97900B68735 /* Resources */,
				04FE33F2261817330004D0C3 /* Services */,
				04FE33F62618176D0004D0C3 /* Controllers */,
				04DFB5CE2616B98F00B68735 /* Models */,
				04DFB5CD2616B98600B68735 /* Views */,
				04DFB5BD2616B92700B68735 /* Assets.xcassets */,
				04DFB5C22616B92700B68735 /* LaunchScreen.storyboard */,
				04DFB5C52616B92700B68735 /* Info.plist */,
				04DFB5BF2616B92700B68735 /* Preview Content */,
			);
			path = SiswaAPP;
			sourceTree = "<group>";
		};
		04DFB5BF2616B92700B68735 /* Preview Content */ = {
			isa = PBXGroup;
			children = (
				04DFB5C02616B92700B68735 /* Preview Assets.xcassets */,
			);
			path = "Preview Content";
			sourceTree = "<group>";
		};
		04DFB5CC2616B97900B68735 /* Resources */ = {
			isa = PBXGroup;
			children = (
				04DFB5B72616B92300B68735 /* AppDelegate.swift */,
				04DFB5B92616B92300B68735 /* SceneDelegate.swift */,
				04FE33FA261817B60004D0C3 /* Constant.swift */,
			);
			path = Resources;
			sourceTree = "<group>";
		};
		04DFB5CD2616B98600B68735 /* Views */ = {
			isa = PBXGroup;
			children = (
				043FB52B26318EAC00181BAB /* Filter */,
				04FE340826186A650004D0C3 /* Core */,
				04DFB5BB2616B92300B68735 /* ContentView.swift */,
				04DFB5D02616B9EE00B68735 /* LoginView.swift */,
				04FE33EC261815B90004D0C3 /* PelajaranView.swift */,
				04FE34112618AA3B0004D0C3 /* PesanView.swift */,
				04604AAF261AE1E100AD6FE6 /* HomeView.swift */,
				0440E86E26245D860065C40D /* PelajaranDetailView.swift */,
				048FC6982629266B00F82F46 /* AkunView.swift */,
			);
			path = Views;
			sourceTree = "<group>";
		};
		04DFB5CE2616B98F00B68735 /* Models */ = {
			isa = PBXGroup;
			children = (
				04FE33E52616DEAE0004D0C3 /* LoginModel.swift */,
				04FE33EF261816C80004D0C3 /* LoginInputModel.swift */,
				04FE33FF261833C00004D0C3 /* ProfileModel.swift */,
				04FE3402261841820004D0C3 /* MapelModel.swift */,
				0440E8742624F0AA0065C40D /* DetailMapelModel.swift */,
			);
			path = Models;
			sourceTree = "<group>";
		};
		04FE33F2261817330004D0C3 /* Services */ = {
			isa = PBXGroup;
			children = (
				04FE33F32618174E0004D0C3 /* ApiService.swift */,
			);
			path = Services;
			sourceTree = "<group>";
		};
		04FE33F62618176D0004D0C3 /* Controllers */ = {
			isa = PBXGroup;
			children = (
				04FE33F7261817950004D0C3 /* LoginController.swift */,
				0417A5272619A44D0053F3E2 /* MapelController.swift */,
				0440E8712624EFCE0065C40D /* DetailMapelController.swift */,
			);
			path = Controllers;
			sourceTree = "<group>";
		};
		04FE340826186A650004D0C3 /* Core */ = {
			isa = PBXGroup;
			children = (
				04FE3405261853FE0004D0C3 /* BottomSheetView.swift */,
				04FE340926186A7E0004D0C3 /* HeaderView.swift */,
				04FE340E2618A3000004D0C3 /* TabBarView.swift */,
				0417A5212619700C0053F3E2 /* BlurView.swift */,
				04164E77261FFFF100DBAF0E /* CustomCorner.swift */,
			);
			path = Core;
			sourceTree = "<group>";
		};
		23DE724F028920CE6FD7A32D /* Pods */ = {
			isa = PBXGroup;
			children = (
				548EE7417CB2CE750430C3D0 /* Pods-SiswaAPP.debug.xcconfig */,
				7C79EBC3A7B536785DBEE4E7 /* Pods-SiswaAPP.release.xcconfig */,
			);
			path = Pods;
			sourceTree = "<group>";
		};
		9823613CAE7BE3C16DA2C391 /* Frameworks */ = {
			isa = PBXGroup;
			children = (
				B617A8B32463393FDEDC1517 /* Pods_SiswaAPP.framework */,
			);
			name = Frameworks;
			sourceTree = "<group>";
		};
/* End PBXGroup section */

/* Begin PBXNativeTarget section */
		04DFB5B32616B92300B68735 /* SiswaAPP */ = {
			isa = PBXNativeTarget;
			buildConfigurationList = 04DFB5C82616B92700B68735 /* Build configuration list for PBXNativeTarget "SiswaAPP" */;
			buildPhases = (
				16A100B9A173EC36538D7EAE /* [CP] Check Pods Manifest.lock */,
				04DFB5B02616B92300B68735 /* Sources */,
				04DFB5B12616B92300B68735 /* Frameworks */,
				04DFB5B22616B92300B68735 /* Resources */,
				77D5F273A06017155DC92A3E /* [CP] Embed Pods Frameworks */,
			);
			buildRules = (
			);
			dependencies = (
			);
			name = SiswaAPP;
			productName = SiswaAPP;
			productReference = 04DFB5B42616B92300B68735 /* SiswaAPP.app */;
			productType = "com.apple.product-type.application";
		};
/* End PBXNativeTarget section */

/* Begin PBXProject section */
		04DFB5AC2616B92300B68735 /* Project object */ = {
			isa = PBXProject;
			attributes = {
				LastSwiftUpdateCheck = 1230;
				LastUpgradeCheck = 1230;
				TargetAttributes = {
					04DFB5B32616B92300B68735 = {
						CreatedOnToolsVersion = 12.3;
					};
				};
			};
			buildConfigurationList = 04DFB5AF2616B92300B68735 /* Build configuration list for PBXProject "SiswaAPP" */;
			compatibilityVersion = "Xcode 9.3";
			developmentRegion = en;
			hasScannedForEncodings = 0;
			knownRegions = (
				en,
				Base,
			);
			mainGroup = 04DFB5AB2616B92300B68735;
			productRefGroup = 04DFB5B52616B92300B68735 /* Products */;
			projectDirPath = "";
			projectRoot = "";
			targets = (
				04DFB5B32616B92300B68735 /* SiswaAPP */,
			);
		};
/* End PBXProject section */

/* Begin PBXResourcesBuildPhase section */
		04DFB5B22616B92300B68735 /* Resources */ = {
			isa = PBXResourcesBuildPhase;
			buildActionMask = 2147483647;
			files = (
				04DFB5C42616B92700B68735 /* LaunchScreen.storyboard in Resources */,
				04DFB5C12616B92700B68735 /* Preview Assets.xcassets in Resources */,
				04DFB5BE2616B92700B68735 /* Assets.xcassets in Resources */,
			);
			runOnlyForDeploymentPostprocessing = 0;
		};
/* End PBXResourcesBuildPhase section */

/* Begin PBXShellScriptBuildPhase section */
		16A100B9A173EC36538D7EAE /* [CP] Check Pods Manifest.lock */ = {
			isa = PBXShellScriptBuildPhase;
			buildActionMask = 2147483647;
			files = (
			);
			inputFileListPaths = (
			);
			inputPaths = (
				"${PODS_PODFILE_DIR_PATH}/Podfile.lock",
				"${PODS_ROOT}/Manifest.lock",
			);
			name = "[CP] Check Pods Manifest.lock";
			outputFileListPaths = (
			);
			outputPaths = (
				"$(DERIVED_FILE_DIR)/Pods-SiswaAPP-checkManifestLockResult.txt",
			);
			runOnlyForDeploymentPostprocessing = 0;
			shellPath = /bin/sh;
			shellScript = "diff \"${PODS_PODFILE_DIR_PATH}/Podfile.lock\" \"${PODS_ROOT}/Manifest.lock\" > /dev/null\nif [ $? != 0 ] ; then\n    # print error to STDERR\n    echo \"error: The sandbox is not in sync with the Podfile.lock. Run 'pod install' or update your CocoaPods installation.\" >&2\n    exit 1\nfi\n# This output is used by Xcode 'outputs' to avoid re-running this script phase.\necho \"SUCCESS\" > \"${SCRIPT_OUTPUT_FILE_0}\"\n";
			showEnvVarsInLog = 0;
		};
		77D5F273A06017155DC92A3E /* [CP] Embed Pods Frameworks */ = {
			isa = PBXShellScriptBuildPhase;
			buildActionMask = 2147483647;
			files = (
			);
			inputFileListPaths = (
				"${PODS_ROOT}/Target Support Files/Pods-SiswaAPP/Pods-SiswaAPP-frameworks-${CONFIGURATION}-input-files.xcfilelist",
			);
			name = "[CP] Embed Pods Frameworks";
			outputFileListPaths = (
				"${PODS_ROOT}/Target Support Files/Pods-SiswaAPP/Pods-SiswaAPP-frameworks-${CONFIGURATION}-output-files.xcfilelist",
			);
			runOnlyForDeploymentPostprocessing = 0;
			shellPath = /bin/sh;
			shellScript = "\"${PODS_ROOT}/Target Support Files/Pods-SiswaAPP/Pods-SiswaAPP-frameworks.sh\"\n";
			showEnvVarsInLog = 0;
		};
/* End PBXShellScriptBuildPhase section */

/* Begin PBXSourcesBuildPhase section */
		04DFB5B02616B92300B68735 /* Sources */ = {
			isa = PBXSourcesBuildPhase;
			buildActionMask = 2147483647;
			files = (
				0417A5282619A44E0053F3E2 /* MapelController.swift in Sources */,
				04164E78261FFFF100DBAF0E /* CustomCorner.swift in Sources */,
				04DFB5B82616B92300B68735 /* AppDelegate.swift in Sources */,
				04FE33ED261815BA0004D0C3 /* PelajaranView.swift in Sources */,
				04FE3406261853FE0004D0C3 /* BottomSheetView.swift in Sources */,
				0440E86F26245D860065C40D /* PelajaranDetailView.swift in Sources */,
				0440E8722624EFCE0065C40D /* DetailMapelController.swift in Sources */,
				0440E8752624F0AA0065C40D /* DetailMapelModel.swift in Sources */,
				04FE33F0261816C80004D0C3 /* LoginInputModel.swift in Sources */,
				04FE3403261841820004D0C3 /* MapelModel.swift in Sources */,
				04FE3400261833C00004D0C3 /* ProfileModel.swift in Sources */,
				048FC6992629266B00F82F46 /* AkunView.swift in Sources */,
				043FB52D26318ECD00181BAB /* SemuaView.swift in Sources */,
				04FE33E62616DEAE0004D0C3 /* LoginModel.swift in Sources */,
				04DFB5BA2616B92300B68735 /* SceneDelegate.swift in Sources */,
				04FE33F42618174E0004D0C3 /* ApiService.swift in Sources */,
				04DFB5D12616B9EE00B68735 /* LoginView.swift in Sources */,
				04DFB5BC2616B92300B68735 /* ContentView.swift in Sources */,
				04604AB0261AE1E100AD6FE6 /* HomeView.swift in Sources */,
				04FE33FB261817B60004D0C3 /* Constant.swift in Sources */,
				04FE34122618AA3D0004D0C3 /* PesanView.swift in Sources */,
				0417A5222619700C0053F3E2 /* BlurView.swift in Sources */,
				04FE33F8261817950004D0C3 /* LoginController.swift in Sources */,
				04FE340F2618A3000004D0C3 /* TabBarView.swift in Sources */,
				04FE340A26186A7E0004D0C3 /* HeaderView.swift in Sources */,
			);
			runOnlyForDeploymentPostprocessing = 0;
		};
/* End PBXSourcesBuildPhase section */

/* Begin PBXVariantGroup section */
		04DFB5C22616B92700B68735 /* LaunchScreen.storyboard */ = {
			isa = PBXVariantGroup;
			children = (
				04DFB5C32616B92700B68735 /* Base */,
			);
			name = LaunchScreen.storyboard;
			sourceTree = "<group>";
		};
/* End PBXVariantGroup section */

/* Begin XCBuildConfiguration section */
		04DFB5C62616B92700B68735 /* Debug */ = {
			isa = XCBuildConfiguration;
			buildSettings = {
				ALWAYS_SEARCH_USER_PATHS = NO;
				CLANG_ANALYZER_NONNULL = YES;
				CLANG_ANALYZER_NUMBER_OBJECT_CONVERSION = YES_AGGRESSIVE;
				CLANG_CXX_LANGUAGE_STANDARD = "gnu++14";
				CLANG_CXX_LIBRARY = "libc++";
				CLANG_ENABLE_MODULES = YES;
				CLANG_ENABLE_OBJC_ARC = YES;
				CLANG_ENABLE_OBJC_WEAK = YES;
				CLANG_WARN_BLOCK_CAPTURE_AUTORELEASING = YES;
				CLANG_WARN_BOOL_CONVERSION = YES;
				CLANG_WARN_COMMA = YES;
				CLANG_WARN_CONSTANT_CONVERSION = YES;
				CLANG_WARN_DEPRECATED_OBJC_IMPLEMENTATIONS = YES;
				CLANG_WARN_DIRECT_OBJC_ISA_USAGE = YES_ERROR;
				CLANG_WARN_DOCUMENTATION_COMMENTS = YES;
				CLANG_WARN_EMPTY_BODY = YES;
				CLANG_WARN_ENUM_CONVERSION = YES;
				CLANG_WARN_INFINITE_RECURSION = YES;
				CLANG_WARN_INT_CONVERSION = YES;
				CLANG_WARN_NON_LITERAL_NULL_CONVERSION = YES;
				CLANG_WARN_OBJC_IMPLICIT_RETAIN_SELF = YES;
				CLANG_WARN_OBJC_LITERAL_CONVERSION = YES;
				CLANG_WARN_OBJC_ROOT_CLASS = YES_ERROR;
				CLANG_WARN_QUOTED_INCLUDE_IN_FRAMEWORK_HEADER = YES;
				CLANG_WARN_RANGE_LOOP_ANALYSIS = YES;
				CLANG_WARN_STRICT_PROTOTYPES = YES;
				CLANG_WARN_SUSPICIOUS_MOVE = YES;
				CLANG_WARN_UNGUARDED_AVAILABILITY = YES_AGGRESSIVE;
				CLANG_WARN_UNREACHABLE_CODE = YES;
				CLANG_WARN__DUPLICATE_METHOD_MATCH = YES;
				COPY_PHASE_STRIP = NO;
				DEBUG_INFORMATION_FORMAT = dwarf;
				ENABLE_STRICT_OBJC_MSGSEND = YES;
				ENABLE_TESTABILITY = YES;
				GCC_C_LANGUAGE_STANDARD = gnu11;
				GCC_DYNAMIC_NO_PIC = NO;
				GCC_NO_COMMON_BLOCKS = YES;
				GCC_OPTIMIZATION_LEVEL = 0;
				GCC_PREPROCESSOR_DEFINITIONS = (
					"DEBUG=1",
					"$(inherited)",
				);
				GCC_WARN_64_TO_32_BIT_CONVERSION = YES;
				GCC_WARN_ABOUT_RETURN_TYPE = YES_ERROR;
				GCC_WARN_UNDECLARED_SELECTOR = YES;
				GCC_WARN_UNINITIALIZED_AUTOS = YES_AGGRESSIVE;
				GCC_WARN_UNUSED_FUNCTION = YES;
				GCC_WARN_UNUSED_VARIABLE = YES;
				IPHONEOS_DEPLOYMENT_TARGET = 14.3;
				MTL_ENABLE_DEBUG_INFO = INCLUDE_SOURCE;
				MTL_FAST_MATH = YES;
				ONLY_ACTIVE_ARCH = YES;
				SDKROOT = iphoneos;
				SWIFT_ACTIVE_COMPILATION_CONDITIONS = DEBUG;
				SWIFT_OPTIMIZATION_LEVEL = "-Onone";
			};
			name = Debug;
		};
		04DFB5C72616B92700B68735 /* Release */ = {
			isa = XCBuildConfiguration;
			buildSettings = {
				ALWAYS_SEARCH_USER_PATHS = NO;
				CLANG_ANALYZER_NONNULL = YES;
				CLANG_ANALYZER_NUMBER_OBJECT_CONVERSION = YES_AGGRESSIVE;
				CLANG_CXX_LANGUAGE_STANDARD = "gnu++14";
				CLANG_CXX_LIBRARY = "libc++";
				CLANG_ENABLE_MODULES = YES;
				CLANG_ENABLE_OBJC_ARC = YES;
				CLANG_ENABLE_OBJC_WEAK = YES;
				CLANG_WARN_BLOCK_CAPTURE_AUTORELEASING = YES;
				CLANG_WARN_BOOL_CONVERSION = YES;
				CLANG_WARN_COMMA = YES;
				CLANG_WARN_CONSTANT_CONVERSION = YES;
				CLANG_WARN_DEPRECATED_OBJC_IMPLEMENTATIONS = YES;
				CLANG_WARN_DIRECT_OBJC_ISA_USAGE = YES_ERROR;
				CLANG_WARN_DOCUMENTATION_COMMENTS = YES;
				CLANG_WARN_EMPTY_BODY = YES;
				CLANG_WARN_ENUM_CONVERSION = YES;
				CLANG_WARN_INFINITE_RECURSION = YES;
				CLANG_WARN_INT_CONVERSION = YES;
				CLANG_WARN_NON_LITERAL_NULL_CONVERSION = YES;
				CLANG_WARN_OBJC_IMPLICIT_RETAIN_SELF = YES;
				CLANG_WARN_OBJC_LITERAL_CONVERSION = YES;
				CLANG_WARN_OBJC_ROOT_CLASS = YES_ERROR;
				CLANG_WARN_QUOTED_INCLUDE_IN_FRAMEWORK_HEADER = YES;
				CLANG_WARN_RANGE_LOOP_ANALYSIS = YES;
				CLANG_WARN_STRICT_PROTOTYPES = YES;
				CLANG_WARN_SUSPICIOUS_MOVE = YES;
				CLANG_WARN_UNGUARDED_AVAILABILITY = YES_AGGRESSIVE;
				CLANG_WARN_UNREACHABLE_CODE = YES;
				CLANG_WARN__DUPLICATE_METHOD_MATCH = YES;
				COPY_PHASE_STRIP = NO;
				DEBUG_INFORMATION_FORMAT = "dwarf-with-dsym";
				ENABLE_NS_ASSERTIONS = NO;
				ENABLE_STRICT_OBJC_MSGSEND = YES;
				GCC_C_LANGUAGE_STANDARD = gnu11;
				GCC_NO_COMMON_BLOCKS = YES;
				GCC_WARN_64_TO_32_BIT_CONVERSION = YES;
				GCC_WARN_ABOUT_RETURN_TYPE = YES_ERROR;
				GCC_WARN_UNDECLARED_SELECTOR = YES;
				GCC_WARN_UNINITIALIZED_AUTOS = YES_AGGRESSIVE;
				GCC_WARN_UNUSED_FUNCTION = YES;
				GCC_WARN_UNUSED_VARIABLE = YES;
				IPHONEOS_DEPLOYMENT_TARGET = 14.3;
				MTL_ENABLE_DEBUG_INFO = NO;
				MTL_FAST_MATH = YES;
				SDKROOT = iphoneos;
				SWIFT_COMPILATION_MODE = wholemodule;
				SWIFT_OPTIMIZATION_LEVEL = "-O";
				VALIDATE_PRODUCT = YES;
			};
			name = Release;
		};
		04DFB5C92616B92700B68735 /* Debug */ = {
			isa = XCBuildConfiguration;
			baseConfigurationReference = 548EE7417CB2CE750430C3D0 /* Pods-SiswaAPP.debug.xcconfig */;
			buildSettings = {
				ASSETCATALOG_COMPILER_APPICON_NAME = AppIcon;
				ASSETCATALOG_COMPILER_GLOBAL_ACCENT_COLOR_NAME = AccentColor;
				CODE_SIGN_STYLE = Automatic;
				DEVELOPMENT_ASSET_PATHS = "\"SiswaAPP/Preview Content\"";
				DEVELOPMENT_TEAM = 6F3968CC3S;
				ENABLE_PREVIEWS = YES;
				INFOPLIST_FILE = SiswaAPP/Info.plist;
				LD_RUNPATH_SEARCH_PATHS = (
					"$(inherited)",
					"@executable_path/Frameworks",
				);
				PRODUCT_BUNDLE_IDENTIFIER = "Asrul-Corp.SiswaAPP";
				PRODUCT_NAME = "$(TARGET_NAME)";
				SWIFT_VERSION = 5.0;
				TARGETED_DEVICE_FAMILY = "1,2";
			};
			name = Debug;
		};
		04DFB5CA2616B92700B68735 /* Release */ = {
			isa = XCBuildConfiguration;
			baseConfigurationReference = 7C79EBC3A7B536785DBEE4E7 /* Pods-SiswaAPP.release.xcconfig */;
			buildSettings = {
				ASSETCATALOG_COMPILER_APPICON_NAME = AppIcon;
				ASSETCATALOG_COMPILER_GLOBAL_ACCENT_COLOR_NAME = AccentColor;
				CODE_SIGN_STYLE = Automatic;
				DEVELOPMENT_ASSET_PATHS = "\"SiswaAPP/Preview Content\"";
				DEVELOPMENT_TEAM = 6F3968CC3S;
				ENABLE_PREVIEWS = YES;
				INFOPLIST_FILE = SiswaAPP/Info.plist;
				LD_RUNPATH_SEARCH_PATHS = (
					"$(inherited)",
					"@executable_path/Frameworks",
				);
				PRODUCT_BUNDLE_IDENTIFIER = "Asrul-Corp.SiswaAPP";
				PRODUCT_NAME = "$(TARGET_NAME)";
				SWIFT_VERSION = 5.0;
				TARGETED_DEVICE_FAMILY = "1,2";
			};
			name = Release;
		};
/* End XCBuildConfiguration section */

/* Begin XCConfigurationList section */
		04DFB5AF2616B92300B68735 /* Build configuration list for PBXProject "SiswaAPP" */ = {
			isa = XCConfigurationList;
			buildConfigurations = (
				04DFB5C62616B92700B68735 /* Debug */,
				04DFB5C72616B92700B68735 /* Release */,
			);
			defaultConfigurationIsVisible = 0;
			defaultConfigurationName = Release;
		};
		04DFB5C82616B92700B68735 /* Build configuration list for PBXNativeTarget "SiswaAPP" */ = {
			isa = XCConfigurationList;
			buildConfigurations = (
				04DFB5C92616B92700B68735 /* Debug */,
				04DFB5CA2616B92700B68735 /* Release */,
			);
			defaultConfigurationIsVisible = 0;
			defaultConfigurationName = Release;
		};
/* End XCConfigurationList section */
	};
	rootObject = 04DFB5AC2616B92300B68735 /* Project object */;
}
